
Microsoft Visual Studio Solution File, Format Version 12.00
# Visual Studio Version 16
VisualStudioVersion = 16.0.810.11
MinimumVisualStudioVersion = 10.0.40219.1
Project("{FAE04EC0-301F-11D3-BF4B-00C04F79EFBC}") = "service-no", "service-no.csproj", "{3253EDE8-1223-4F15-8C2C-D8A247BEA396}"
EndProject
Global
	GlobalSection(SolutionConfigurationPlatforms) = preSolution
		Debug|Any CPU = Debug|Any CPU
		Release|Any CPU = Release|Any CPU
	EndGlobalSection
	GlobalSection(ProjectConfigurationPlatforms) = postSolution
		{3253EDE8-1223-4F15-8C2C-D8A247BEA396}.Debug|Any CPU.ActiveCfg = Debug|Any CPU
		{3253EDE8-1223-4F15-8C2C-D8A247BEA396}.Debug|Any CPU.Build.0 = Debug|Any CPU
		{3253EDE8-1223-4F15-8C2C-D8A247BEA396}.Release|Any CPU.ActiveCfg = Release|Any CPU
		{3253EDE8-1223-4F15-8C2C-D8A247BEA396}.Release|Any CPU.Build.0 = Release|Any CPU
	EndGlobalSection
	GlobalSection(SolutionProperties) = preSolution
		HideSolutionNode = FALSE
	EndGlobalSection
	GlobalSection(ExtensibilityGlobals) = postSolution
		SolutionGuid = {8046BA73-997B-415D-8C37-D6DDB03B933D}
	EndGlobalSection
EndGlobal
